
Microsoft Visual Studio Solution File, Format Version 12.00
# Visual Studio Version 16
VisualStudioVersion = 16.0.30225.117
MinimumVisualStudioVersion = 10.0.40219.1
Project("{8BC9CEB8-8B4A-11D0-8D11-00A0C91BC942}") = "AthenaSource", "athena-source.vcxproj", "{157D2863-5B32-4FA7-9435-DC7CCC61A710}"
EndProject
Project("{2150E333-8FDC-42A3-9474-1A3956D46DE8}") = "GLFW", "GLFW", "{1D019322-26D4-46D4-BD54-B2F221B0E7BE}"
EndProject
Project("{8BC9CEB8-8B4A-11D0-8D11-00A0C91BC942}") = "glfw", "GLFW\build\vc15\src\glfw.vcxproj", "{69CA962B-0645-355F-9436-BF93A64EEB14}"
EndProject
Project("{2150E333-8FDC-42A3-9474-1A3956D46DE8}") = "GLEW", "GLEW", "{6CA3F45C-A02B-47B0-9160-B3B195E520EE}"
EndProject
Project("{8BC9CEB8-8B4A-11D0-8D11-00A0C91BC942}") = "libglew_static", "GLEW\build\vc15\libglew_static.vcxproj", "{CED2D5A6-2E73-3DFF-B279-E000E31CBB5F}"
EndProject
Project("{2150E333-8FDC-42A3-9474-1A3956D46DE8}") = "ENGINE", "ENGINE", "{DC5ED05A-7475-4AE8-99C7-9F74C3FB3EAD}"
EndProject
Project("{8BC9CEB8-8B4A-11D0-8D11-00A0C91BC942}") = "TGUI_0.7 x86", "TGUI-0.7.4-vc14-32bit-for-SFML-2.4.2\TGUI-0.7\TGUI.vcxproj", "{D089837C-AA08-48EC-883D-44B5970083B2}"
EndProject
Project("{2150E333-8FDC-42A3-9474-1A3956D46DE8}") = "SFML x64", "SFML x64", "{27F233CD-CC96-4832-80AC-F04F136703A4}"
EndProject
Project("{2150E333-8FDC-42A3-9474-1A3956D46DE8}") = "TGUI", "TGUI", "{307FA1D5-0E7F-457B-8610-3737A6C61E11}"
EndProject
Project("{8BC9CEB8-8B4A-11D0-8D11-00A0C91BC942}") = "sfml-audio", "SFML-2.5.1\build\src\SFML\Audio\sfml-audio.vcxproj", "{E773D26A-4B31-31C6-AEF2-D0AC467EA556}"
EndProject
Project("{8BC9CEB8-8B4A-11D0-8D11-00A0C91BC942}") = "sfml-graphics", "SFML-2.5.1\build\src\SFML\Graphics\sfml-graphics.vcxproj", "{C432CED4-0A82-3902-91F6-B3275B1D7C50}"
EndProject
Project("{8BC9CEB8-8B4A-11D0-8D11-00A0C91BC942}") = "sfml-main", "SFML-2.5.1\build\src\SFML\Main\sfml-main.vcxproj", "{7B12849B-E2D3-33CB-9A36-180F08C61628}"
EndProject
Project("{8BC9CEB8-8B4A-11D0-8D11-00A0C91BC942}") = "sfml-network", "SFML-2.5.1\build\src\SFML\Network\sfml-network.vcxproj", "{667F89E5-089D-3BA3-89B3-83392D30FED6}"
EndProject
Project("{8BC9CEB8-8B4A-11D0-8D11-00A0C91BC942}") = "sfml-system", "SFML-2.5.1\build\src\SFML\System\sfml-system.vcxproj", "{91E16E44-F694-3936-9A60-91B5DF2DD78F}"
EndProject
Project("{8BC9CEB8-8B4A-11D0-8D11-00A0C91BC942}") = "sfml-window", "SFML-2.5.1\build\src\SFML\Window\sfml-window.vcxproj", "{8EA6851F-5737-3B9D-B799-078A6B79A15D}"
EndProject
Global
	GlobalSection(SolutionConfigurationPlatforms) = preSolution
		Debug|x64 = Debug|x64
		Debug|x86 = Debug|x86
		MinSizeRel|x64 = MinSizeRel|x64
		MinSizeRel|x86 = MinSizeRel|x86
		Release|x64 = Release|x64
		Release|x86 = Release|x86
		RelWithDebInfo|x64 = RelWithDebInfo|x64
		RelWithDebInfo|x86 = RelWithDebInfo|x86
	EndGlobalSection
	GlobalSection(ProjectConfigurationPlatforms) = postSolution
		{157D2863-5B32-4FA7-9435-DC7CCC61A710}.Debug|x64.ActiveCfg = Debug|x64
		{157D2863-5B32-4FA7-9435-DC7CCC61A710}.Debug|x64.Build.0 = Debug|x64
		{157D2863-5B32-4FA7-9435-DC7CCC61A710}.Debug|x86.ActiveCfg = Debug|Win32
		{157D2863-5B32-4FA7-9435-DC7CCC61A710}.Debug|x86.Build.0 = Debug|Win32
		{157D2863-5B32-4FA7-9435-DC7CCC61A710}.MinSizeRel|x64.ActiveCfg = Release|x64
		{157D2863-5B32-4FA7-9435-DC7CCC61A710}.MinSizeRel|x64.Build.0 = Release|x64
		{157D2863-5B32-4FA7-9435-DC7CCC61A710}.MinSizeRel|x86.ActiveCfg = Release|Win32
		{157D2863-5B32-4FA7-9435-DC7CCC61A710}.MinSizeRel|x86.Build.0 = Release|Win32
		{157D2863-5B32-4FA7-9435-DC7CCC61A710}.Release|x64.ActiveCfg = Release|x64
		{157D2863-5B32-4FA7-9435-DC7CCC61A710}.Release|x64.Build.0 = Release|x64
		{157D2863-5B32-4FA7-9435-DC7CCC61A710}.Release|x86.ActiveCfg = Release|Win32
		{157D2863-5B32-4FA7-9435-DC7CCC61A710}.Release|x86.Build.0 = Release|Win32
		{157D2863-5B32-4FA7-9435-DC7CCC61A710}.RelWithDebInfo|x64.ActiveCfg = Release|x64
		{157D2863-5B32-4FA7-9435-DC7CCC61A710}.RelWithDebInfo|x64.Build.0 = Release|x64
		{157D2863-5B32-4FA7-9435-DC7CCC61A710}.RelWithDebInfo|x86.ActiveCfg = Release|Win32
		{157D2863-5B32-4FA7-9435-DC7CCC61A710}.RelWithDebInfo|x86.Build.0 = Release|Win32
		{69CA962B-0645-355F-9436-BF93A64EEB14}.Debug|x64.ActiveCfg = Debug|Win32
		{69CA962B-0645-355F-9436-BF93A64EEB14}.Debug|x86.ActiveCfg = Debug|Win32
		{69CA962B-0645-355F-9436-BF93A64EEB14}.Debug|x86.Build.0 = Debug|Win32
		{69CA962B-0645-355F-9436-BF93A64EEB14}.MinSizeRel|x64.ActiveCfg = MinSizeRel|Win32
		{69CA962B-0645-355F-9436-BF93A64EEB14}.MinSizeRel|x86.ActiveCfg = MinSizeRel|Win32
		{69CA962B-0645-355F-9436-BF93A64EEB14}.MinSizeRel|x86.Build.0 = MinSizeRel|Win32
		{69CA962B-0645-355F-9436-BF93A64EEB14}.Release|x64.ActiveCfg = Release|Win32
		{69CA962B-0645-355F-9436-BF93A64EEB14}.Release|x86.ActiveCfg = Release|Win32
		{69CA962B-0645-355F-9436-BF93A64EEB14}.Release|x86.Build.0 = Release|Win32
		{69CA962B-0645-355F-9436-BF93A64EEB14}.RelWithDebInfo|x64.ActiveCfg = RelWithDebInfo|Win32
		{69CA962B-0645-355F-9436-BF93A64EEB14}.RelWithDebInfo|x86.ActiveCfg = RelWithDebInfo|Win32
		{69CA962B-0645-355F-9436-BF93A64EEB14}.RelWithDebInfo|x86.Build.0 = RelWithDebInfo|Win32
		{CED2D5A6-2E73-3DFF-B279-E000E31CBB5F}.Debug|x64.ActiveCfg = Debug|Win32
		{CED2D5A6-2E73-3DFF-B279-E000E31CBB5F}.Debug|x86.ActiveCfg = Debug|Win32
		{CED2D5A6-2E73-3DFF-B279-E000E31CBB5F}.Debug|x86.Build.0 = Debug|Win32
		{CED2D5A6-2E73-3DFF-B279-E000E31CBB5F}.MinSizeRel|x64.ActiveCfg = MinSizeRel|Win32
		{CED2D5A6-2E73-3DFF-B279-E000E31CBB5F}.MinSizeRel|x86.ActiveCfg = MinSizeRel|Win32
		{CED2D5A6-2E73-3DFF-B279-E000E31CBB5F}.MinSizeRel|x86.Build.0 = MinSizeRel|Win32
		{CED2D5A6-2E73-3DFF-B279-E000E31CBB5F}.Release|x64.ActiveCfg = Release|Win32
		{CED2D5A6-2E73-3DFF-B279-E000E31CBB5F}.Release|x86.ActiveCfg = Release|Win32
		{CED2D5A6-2E73-3DFF-B279-E000E31CBB5F}.Release|x86.Build.0 = Release|Win32
		{CED2D5A6-2E73-3DFF-B279-E000E31CBB5F}.RelWithDebInfo|x64.ActiveCfg = RelWithDebInfo|Win32
		{CED2D5A6-2E73-3DFF-B279-E000E31CBB5F}.RelWithDebInfo|x86.ActiveCfg = RelWithDebInfo|Win32
		{CED2D5A6-2E73-3DFF-B279-E000E31CBB5F}.RelWithDebInfo|x86.Build.0 = RelWithDebInfo|Win32
		{D089837C-AA08-48EC-883D-44B5970083B2}.Debug|x64.ActiveCfg = Debug|x64
		{D089837C-AA08-48EC-883D-44B5970083B2}.Debug|x64.Build.0 = Debug|x64
		{D089837C-AA08-48EC-883D-44B5970083B2}.Debug|x86.ActiveCfg = Debug|Win32
		{D089837C-AA08-48EC-883D-44B5970083B2}.Debug|x86.Build.0 = Debug|Win32
		{D089837C-AA08-48EC-883D-44B5970083B2}.MinSizeRel|x64.ActiveCfg = Release|x64
		{D089837C-AA08-48EC-883D-44B5970083B2}.MinSizeRel|x64.Build.0 = Release|x64
		{D089837C-AA08-48EC-883D-44B5970083B2}.MinSizeRel|x86.ActiveCfg = Release|Win32
		{D089837C-AA08-48EC-883D-44B5970083B2}.MinSizeRel|x86.Build.0 = Release|Win32
		{D089837C-AA08-48EC-883D-44B5970083B2}.Release|x64.ActiveCfg = Release|x64
		{D089837C-AA08-48EC-883D-44B5970083B2}.Release|x64.Build.0 = Release|x64
		{D089837C-AA08-48EC-883D-44B5970083B2}.Release|x86.ActiveCfg = Release|Win32
		{D089837C-AA08-48EC-883D-44B5970083B2}.Release|x86.Build.0 = Release|Win32
		{D089837C-AA08-48EC-883D-44B5970083B2}.RelWithDebInfo|x64.ActiveCfg = Release|x64
		{D089837C-AA08-48EC-883D-44B5970083B2}.RelWithDebInfo|x64.Build.0 = Release|x64
		{D089837C-AA08-48EC-883D-44B5970083B2}.RelWithDebInfo|x86.ActiveCfg = Release|Win32
		{D089837C-AA08-48EC-883D-44B5970083B2}.RelWithDebInfo|x86.Build.0 = Release|Win32
		{E773D26A-4B31-31C6-AEF2-D0AC467EA556}.Debug|x64.ActiveCfg = Debug|x64
		{E773D26A-4B31-31C6-AEF2-D0AC467EA556}.Debug|x64.Build.0 = Debug|x64
		{E773D26A-4B31-31C6-AEF2-D0AC467EA556}.Debug|x86.ActiveCfg = Debug|x64
		{E773D26A-4B31-31C6-AEF2-D0AC467EA556}.MinSizeRel|x64.ActiveCfg = MinSizeRel|x64
		{E773D26A-4B31-31C6-AEF2-D0AC467EA556}.MinSizeRel|x64.Build.0 = MinSizeRel|x64
		{E773D26A-4B31-31C6-AEF2-D0AC467EA556}.MinSizeRel|x86.ActiveCfg = MinSizeRel|x64
		{E773D26A-4B31-31C6-AEF2-D0AC467EA556}.Release|x64.ActiveCfg = Release|x64
		{E773D26A-4B31-31C6-AEF2-D0AC467EA556}.Release|x64.Build.0 = Release|x64
		{E773D26A-4B31-31C6-AEF2-D0AC467EA556}.Release|x86.ActiveCfg = Release|x64
		{E773D26A-4B31-31C6-AEF2-D0AC467EA556}.RelWithDebInfo|x64.ActiveCfg = RelWithDebInfo|x64
		{E773D26A-4B31-31C6-AEF2-D0AC467EA556}.RelWithDebInfo|x64.Build.0 = RelWithDebInfo|x64
		{E773D26A-4B31-31C6-AEF2-D0AC467EA556}.RelWithDebInfo|x86.ActiveCfg = RelWithDebInfo|x64
		{C432CED4-0A82-3902-91F6-B3275B1D7C50}.Debug|x64.ActiveCfg = Debug|x64
		{C432CED4-0A82-3902-91F6-B3275B1D7C50}.Debug|x64.Build.0 = Debug|x64
		{C432CED4-0A82-3902-91F6-B3275B1D7C50}.Debug|x86.ActiveCfg = Debug|x64
		{C432CED4-0A82-3902-91F6-B3275B1D7C50}.MinSizeRel|x64.ActiveCfg = MinSizeRel|x64
		{C432CED4-0A82-3902-91F6-B3275B1D7C50}.MinSizeRel|x64.Build.0 = MinSizeRel|x64
		{C432CED4-0A82-3902-91F6-B3275B1D7C50}.MinSizeRel|x86.ActiveCfg = MinSizeRel|x64
		{C432CED4-0A82-3902-91F6-B3275B1D7C50}.Release|x64.ActiveCfg = Release|x64
		{C432CED4-0A82-3902-91F6-B3275B1D7C50}.Release|x64.Build.0 = Release|x64
		{C432CED4-0A82-3902-91F6-B3275B1D7C50}.Release|x86.ActiveCfg = Release|x64
		{C432CED4-0A82-3902-91F6-B3275B1D7C50}.RelWithDebInfo|x64.ActiveCfg = RelWithDebInfo|x64
		{C432CED4-0A82-3902-91F6-B3275B1D7C50}.RelWithDebInfo|x64.Build.0 = RelWithDebInfo|x64
		{C432CED4-0A82-3902-91F6-B3275B1D7C50}.RelWithDebInfo|x86.ActiveCfg = RelWithDebInfo|x64
		{7B12849B-E2D3-33CB-9A36-180F08C61628}.Debug|x64.ActiveCfg = Debug|x64
		{7B12849B-E2D3-33CB-9A36-180F08C61628}.Debug|x64.Build.0 = Debug|x64
		{7B12849B-E2D3-33CB-9A36-180F08C61628}.Debug|x86.ActiveCfg = Debug|x64
		{7B12849B-E2D3-33CB-9A36-180F08C61628}.MinSizeRel|x64.ActiveCfg = MinSizeRel|x64
		{7B12849B-E2D3-33CB-9A36-180F08C61628}.MinSizeRel|x64.Build.0 = MinSizeRel|x64
		{7B12849B-E2D3-33CB-9A36-180F08C61628}.MinSizeRel|x86.ActiveCfg = MinSizeRel|x64
		{7B12849B-E2D3-33CB-9A36-180F08C61628}.Release|x64.ActiveCfg = Release|x64
		{7B12849B-E2D3-33CB-9A36-180F08C61628}.Release|x64.Build.0 = Release|x64
		{7B12849B-E2D3-33CB-9A36-180F08C61628}.Release|x86.ActiveCfg = Release|x64
		{7B12849B-E2D3-33CB-9A36-180F08C61628}.RelWithDebInfo|x64.ActiveCfg = RelWithDebInfo|x64
		{7B12849B-E2D3-33CB-9A36-180F08C61628}.RelWithDebInfo|x64.Build.0 = RelWithDebInfo|x64
		{7B12849B-E2D3-33CB-9A36-180F08C61628}.RelWithDebInfo|x86.ActiveCfg = RelWithDebInfo|x64
		{667F89E5-089D-3BA3-89B3-83392D30FED6}.Debug|x64.ActiveCfg = Debug|x64
		{667F89E5-089D-3BA3-89B3-83392D30FED6}.Debug|x64.Build.0 = Debug|x64
		{667F89E5-089D-3BA3-89B3-83392D30FED6}.Debug|x86.ActiveCfg = Debug|x64
		{667F89E5-089D-3BA3-89B3-83392D30FED6}.MinSizeRel|x64.ActiveCfg = MinSizeRel|x64
		{667F89E5-089D-3BA3-89B3-83392D30FED6}.MinSizeRel|x64.Build.0 = MinSizeRel|x64
		{667F89E5-089D-3BA3-89B3-83392D30FED6}.MinSizeRel|x86.ActiveCfg = MinSizeRel|x64
		{667F89E5-089D-3BA3-89B3-83392D30FED6}.Release|x64.ActiveCfg = Release|x64
		{667F89E5-089D-3BA3-89B3-83392D30FED6}.Release|x64.Build.0 = Release|x64
		{667F89E5-089D-3BA3-89B3-83392D30FED6}.Release|x86.ActiveCfg = Release|x64
		{667F89E5-089D-3BA3-89B3-83392D30FED6}.RelWithDebInfo|x64.ActiveCfg = RelWithDebInfo|x64
		{667F89E5-089D-3BA3-89B3-83392D30FED6}.RelWithDebInfo|x64.Build.0 = RelWithDebInfo|x64
		{667F89E5-089D-3BA3-89B3-83392D30FED6}.RelWithDebInfo|x86.ActiveCfg = RelWithDebInfo|x64
		{91E16E44-F694-3936-9A60-91B5DF2DD78F}.Debug|x64.ActiveCfg = Debug|x64
		{91E16E44-F694-3936-9A60-91B5DF2DD78F}.Debug|x64.Build.0 = Debug|x64
		{91E16E44-F694-3936-9A60-91B5DF2DD78F}.Debug|x86.ActiveCfg = Debug|x64
		{91E16E44-F694-3936-9A60-91B5DF2DD78F}.MinSizeRel|x64.ActiveCfg = MinSizeRel|x64
		{91E16E44-F694-3936-9A60-91B5DF2DD78F}.MinSizeRel|x64.Build.0 = MinSizeRel|x64
		{91E16E44-F694-3936-9A60-91B5DF2DD78F}.MinSizeRel|x86.ActiveCfg = MinSizeRel|x64
		{91E16E44-F694-3936-9A60-91B5DF2DD78F}.Release|x64.ActiveCfg = Release|x64
		{91E16E44-F694-3936-9A60-91B5DF2DD78F}.Release|x64.Build.0 = Release|x64
		{91E16E44-F694-3936-9A60-91B5DF2DD78F}.Release|x86.ActiveCfg = Release|x64
		{91E16E44-F694-3936-9A60-91B5DF2DD78F}.RelWithDebInfo|x64.ActiveCfg = RelWithDebInfo|x64
		{91E16E44-F694-3936-9A60-91B5DF2DD78F}.RelWithDebInfo|x64.Build.0 = RelWithDebInfo|x64
		{91E16E44-F694-3936-9A60-91B5DF2DD78F}.RelWithDebInfo|x86.ActiveCfg = RelWithDebInfo|x64
		{8EA6851F-5737-3B9D-B799-078A6B79A15D}.Debug|x64.ActiveCfg = Debug|x64
		{8EA6851F-5737-3B9D-B799-078A6B79A15D}.Debug|x64.Build.0 = Debug|x64
		{8EA6851F-5737-3B9D-B799-078A6B79A15D}.Debug|x86.ActiveCfg = Debug|x64
		{8EA6851F-5737-3B9D-B799-078A6B79A15D}.MinSizeRel|x64.ActiveCfg = MinSizeRel|x64
		{8EA6851F-5737-3B9D-B799-078A6B79A15D}.MinSizeRel|x64.Build.0 = MinSizeRel|x64
		{8EA6851F-5737-3B9D-B799-078A6B79A15D}.MinSizeRel|x86.ActiveCfg = MinSizeRel|x64
		{8EA6851F-5737-3B9D-B799-078A6B79A15D}.Release|x64.ActiveCfg = Release|x64
		{8EA6851F-5737-3B9D-B799-078A6B79A15D}.Release|x64.Build.0 = Release|x64
		{8EA6851F-5737-3B9D-B799-078A6B79A15D}.Release|x86.ActiveCfg = Release|x64
		{8EA6851F-5737-3B9D-B799-078A6B79A15D}.RelWithDebInfo|x64.ActiveCfg = RelWithDebInfo|x64
		{8EA6851F-5737-3B9D-B799-078A6B79A15D}.RelWithDebInfo|x64.Build.0 = RelWithDebInfo|x64
		{8EA6851F-5737-3B9D-B799-078A6B79A15D}.RelWithDebInfo|x86.ActiveCfg = RelWithDebInfo|x64
	EndGlobalSection
	GlobalSection(SolutionProperties) = preSolution
		HideSolutionNode = FALSE
	EndGlobalSection
	GlobalSection(NestedProjects) = preSolution
		{157D2863-5B32-4FA7-9435-DC7CCC61A710} = {DC5ED05A-7475-4AE8-99C7-9F74C3FB3EAD}
		{69CA962B-0645-355F-9436-BF93A64EEB14} = {1D019322-26D4-46D4-BD54-B2F221B0E7BE}
		{CED2D5A6-2E73-3DFF-B279-E000E31CBB5F} = {6CA3F45C-A02B-47B0-9160-B3B195E520EE}
		{D089837C-AA08-48EC-883D-44B5970083B2} = {307FA1D5-0E7F-457B-8610-3737A6C61E11}
		{E773D26A-4B31-31C6-AEF2-D0AC467EA556} = {27F233CD-CC96-4832-80AC-F04F136703A4}
		{C432CED4-0A82-3902-91F6-B3275B1D7C50} = {27F233CD-CC96-4832-80AC-F04F136703A4}
		{7B12849B-E2D3-33CB-9A36-180F08C61628} = {27F233CD-CC96-4832-80AC-F04F136703A4}
		{667F89E5-089D-3BA3-89B3-83392D30FED6} = {27F233CD-CC96-4832-80AC-F04F136703A4}
		{91E16E44-F694-3936-9A60-91B5DF2DD78F} = {27F233CD-CC96-4832-80AC-F04F136703A4}
		{8EA6851F-5737-3B9D-B799-078A6B79A15D} = {27F233CD-CC96-4832-80AC-F04F136703A4}
	EndGlobalSection
	GlobalSection(ExtensibilityGlobals) = postSolution
		SolutionGuid = {291502DF-CF02-4106-AB42-AFA2EBBB3514}
	EndGlobalSection
EndGlobal
